
Microsoft Visual Studio Solution File, Format Version 12.00
# Visual Studio Version 17
VisualStudioVersion = 17.14.36414.22 d17.14
MinimumVisualStudioVersion = 10.0.40219.1
Project("{FAE04EC0-301F-11D3-BF4B-00C04F79EFBC}") = "Lugod-ShortExercise1", "Lugod-ShortExercise1\Lugod-ShortExercise1.csproj", "{E015F0A2-4005-4A06-9329-222049975AE6}"
EndProject
Global
	GlobalSection(SolutionConfigurationPlatforms) = preSolution
		Debug|Any CPU = Debug|Any CPU
		Release|Any CPU = Release|Any CPU
	EndGlobalSection
	GlobalSection(ProjectConfigurationPlatforms) = postSolution
		{E015F0A2-4005-4A06-9329-222049975AE6}.Debug|Any CPU.ActiveCfg = Debug|Any CPU
		{E015F0A2-4005-4A06-9329-222049975AE6}.Debug|Any CPU.Build.0 = Debug|Any CPU
		{E015F0A2-4005-4A06-9329-222049975AE6}.Release|Any CPU.ActiveCfg = Release|Any CPU
		{E015F0A2-4005-4A06-9329-222049975AE6}.Release|Any CPU.Build.0 = Release|Any CPU
	EndGlobalSection
	GlobalSection(SolutionProperties) = preSolution
		HideSolutionNode = FALSE
	EndGlobalSection
	GlobalSection(ExtensibilityGlobals) = postSolution
		SolutionGuid = {CB69758F-46DE-45CE-A037-DF5C4207AA57}
	EndGlobalSection
EndGlobal
