
Microsoft Visual Studio Solution File, Format Version 12.00
# Visual Studio Version 17
VisualStudioVersion = 17.14.36511.14 d17.14
MinimumVisualStudioVersion = 10.0.40219.1
Project("{FAE04EC0-301F-11D3-BF4B-00C04F79EFBC}") = "Lugod-FinalProject", "Lugod-FinalProject.csproj", "{DA2F1D85-B795-4862-B0AB-CD69CDEE153C}"
EndProject
Global
	GlobalSection(SolutionConfigurationPlatforms) = preSolution
		Debug|Any CPU = Debug|Any CPU
		Release|Any CPU = Release|Any CPU
	EndGlobalSection
	GlobalSection(ProjectConfigurationPlatforms) = postSolution
		{DA2F1D85-B795-4862-B0AB-CD69CDEE153C}.Debug|Any CPU.ActiveCfg = Debug|Any CPU
		{DA2F1D85-B795-4862-B0AB-CD69CDEE153C}.Debug|Any CPU.Build.0 = Debug|Any CPU
		{DA2F1D85-B795-4862-B0AB-CD69CDEE153C}.Release|Any CPU.ActiveCfg = Release|Any CPU
		{DA2F1D85-B795-4862-B0AB-CD69CDEE153C}.Release|Any CPU.Build.0 = Release|Any CPU
	EndGlobalSection
	GlobalSection(SolutionProperties) = preSolution
		HideSolutionNode = FALSE
	EndGlobalSection
	GlobalSection(ExtensibilityGlobals) = postSolution
		SolutionGuid = {CAE5B54D-6A18-4F7D-A34A-CEF8ECC9C657}
	EndGlobalSection
EndGlobal
